
Microsoft Visual Studio Solution File, Format Version 12.00
# Visual Studio 15
VisualStudioVersion = 15.0.27703.2035
MinimumVisualStudioVersion = 10.0.40219.1
Project("{FAE04EC0-301F-11D3-BF4B-00C04F79EFBC}") = "Redirects", "Redirects\Redirects.csproj", "{36F1D2C8-4F72-4048-821D-07EFBFC9824A}"
EndProject
Project("{FAE04EC0-301F-11D3-BF4B-00C04F79EFBC}") = "UnitTestProject1", "UnitTestProject1\UnitTestProject1.csproj", "{3BD919D7-1058-479D-81F4-853FDD25F643}"
EndProject
Global
	GlobalSection(SolutionConfigurationPlatforms) = preSolution
		Debug|Any CPU = Debug|Any CPU
		Release|Any CPU = Release|Any CPU
	EndGlobalSection
	GlobalSection(ProjectConfigurationPlatforms) = postSolution
		{36F1D2C8-4F72-4048-821D-07EFBFC9824A}.Debug|Any CPU.ActiveCfg = Debug|Any CPU
		{36F1D2C8-4F72-4048-821D-07EFBFC9824A}.Debug|Any CPU.Build.0 = Debug|Any CPU
		{36F1D2C8-4F72-4048-821D-07EFBFC9824A}.Release|Any CPU.ActiveCfg = Release|Any CPU
		{36F1D2C8-4F72-4048-821D-07EFBFC9824A}.Release|Any CPU.Build.0 = Release|Any CPU
		{3BD919D7-1058-479D-81F4-853FDD25F643}.Debug|Any CPU.ActiveCfg = Debug|Any CPU
		{3BD919D7-1058-479D-81F4-853FDD25F643}.Debug|Any CPU.Build.0 = Debug|Any CPU
		{3BD919D7-1058-479D-81F4-853FDD25F643}.Release|Any CPU.ActiveCfg = Release|Any CPU
		{3BD919D7-1058-479D-81F4-853FDD25F643}.Release|Any CPU.Build.0 = Release|Any CPU
	EndGlobalSection
	GlobalSection(SolutionProperties) = preSolution
		HideSolutionNode = FALSE
	EndGlobalSection
	GlobalSection(ExtensibilityGlobals) = postSolution
		SolutionGuid = {77A99F22-EC97-4CDD-8B85-36B43583455F}
	EndGlobalSection
EndGlobal
